<?xml version="1.0" encoding="utf-8"?>
<Project ToolsVersion="4.0" xmlns="http://schemas.microsoft.com/developer/msbuild/2003">
  <ItemGroup>
    <ClCompile Include="studio.cpp" />
  </ItemGroup>
  <ItemGroup>
    <Filter Include="eng">
      <UniqueIdentifier>{f13f1a0f-739b-405c-a800-02bc5baebd0c}</UniqueIdentifier>
    </Filter>
    <Filter Include="media">
      <UniqueIdentifier>{e566e5ff-928c-4855-838a-43bb15d689a0}</UniqueIdentifier>
    </Filter>
    <Filter Include="studio-dic">
      <UniqueIdentifier>{00383da1-988c-4891-abd2-60a6f5a72f9c}</UniqueIdentifier>
    </Filter>
    <Filter Include="studio-one">
      <UniqueIdentifier>{a78d9a9d-f0bf-4ee4-a557-fa7658595498}</UniqueIdentifier>
    </Filter>
    <Filter Include="content">
      <UniqueIdentifier>{5e30262d-7f07-42ce-9df1-22372659928d}</UniqueIdentifier>
    </Filter>
    <Filter Include="studio-two">
      <UniqueIdentifier>{e28773d5-d681-4f5a-8cfd-bfe1be2c3833}</UniqueIdentifier>
    </Filter>
  </ItemGroup>
  <ItemGroup>
    <ClInclude Include="studio_build.h" />
    <ClInclude Include="abc.h" />
    <ClInclude Include="studio_aux_audio.h" />
    <ClInclude Include="studio_aux_video.h" />
    <ClInclude Include="eng_parser.h">
      <Filter>eng</Filter>
    </ClInclude>
    <ClInclude Include="eng_unittest.h">
      <Filter>eng</Filter>
    </ClInclude>
    <ClInclude Include="eng_abc.h">
      <Filter>eng</Filter>
    </ClInclude>
    <ClInclude Include="eng_abc_dictionary.h">
      <Filter>eng</Filter>
    </ClInclude>
    <ClInclude Include="eng_abc_vocabulary.h">
      <Filter>eng</Filter>
    </ClInclude>
    <ClInclude Include="eng_abc_vocabulary_trie.h">
      <Filter>eng</Filter>
    </ClInclude>
    <ClInclude Include="eng_abc_vocabulary_triee.h">
      <Filter>eng</Filter>
    </ClInclude>
    <ClInclude Include="media.h">
      <Filter>media</Filter>
    </ClInclude>
    <ClInclude Include="media_data.h">
      <Filter>media</Filter>
    </ClInclude>
    <ClInclude Include="media_scan.h">
      <Filter>media</Filter>
    </ClInclude>
    <ClInclude Include="medio_audio.h">
      <Filter>media</Filter>
    </ClInclude>
    <ClInclude Include="medio_video.h">
      <Filter>media</Filter>
    </ClInclude>
    <ClInclude Include="studio_build_dic.h">
      <Filter>studio-dic</Filter>
    </ClInclude>
    <ClInclude Include="studio_build_dic+.h">
      <Filter>studio-dic</Filter>
    </ClInclude>
    <ClInclude Include="studio_build_one.h">
      <Filter>studio-one</Filter>
    </ClInclude>
    <ClInclude Include="eng_phenomena.h">
      <Filter>eng</Filter>
    </ClInclude>
    <ClInclude Include="content_entry.h">
      <Filter>content</Filter>
    </ClInclude>
    <ClInclude Include="content_options.h">
      <Filter>content</Filter>
    </ClInclude>
    <ClInclude Include="content_topic.h">
      <Filter>content</Filter>
    </ClInclude>
    <ClInclude Include="media_storage.h">
      <Filter>media</Filter>
    </ClInclude>
    <ClInclude Include="content.h">
      <Filter>content</Filter>
    </ClInclude>
    <ClInclude Include="content_course.h">
      <Filter>content</Filter>
    </ClInclude>
    <ClInclude Include="studia_one.h">
      <Filter>studio-one</Filter>
    </ClInclude>
    <ClInclude Include="studia_one_area.h">
      <Filter>studio-one</Filter>
    </ClInclude>
    <ClInclude Include="studia_one_editor.h">
      <Filter>studio-one</Filter>
    </ClInclude>
    <ClInclude Include="studia_one_preview.h">
      <Filter>studio-one</Filter>
    </ClInclude>
    <ClInclude Include="studia_one_reports.h">
      <Filter>studio-one</Filter>
    </ClInclude>
    <ClInclude Include="studia_dic.h">
      <Filter>studio-dic</Filter>
    </ClInclude>
    <ClInclude Include="studia_dic_area.h">
      <Filter>studio-dic</Filter>
    </ClInclude>
    <ClInclude Include="studia_dic_detail.h">
      <Filter>studio-dic</Filter>
    </ClInclude>
    <ClInclude Include="studia_dic_search.h">
      <Filter>studio-dic</Filter>
    </ClInclude>
    <ClInclude Include="studia_two.h">
      <Filter>studio-two</Filter>
    </ClInclude>
    <ClInclude Include="studia_one_contents.h">
      <Filter>studio-one</Filter>
    </ClInclude>
    <ClInclude Include="studia_dic_detail+.h">
      <Filter>studio-dic</Filter>
    </ClInclude>
    <ClInclude Include="media_resource.h">
      <Filter>media</Filter>
    </ClInclude>
    <ClInclude Include="media_resource+.h">
      <Filter>media</Filter>
    </ClInclude>
  </ItemGroup>
</Project>