<?xml version="1.0" encoding="utf-8"?>
<Project ToolsVersion="4.0" xmlns="http://schemas.microsoft.com/developer/msbuild/2003">
  <ItemGroup>
    <ClCompile Include="studio.cpp" />
  </ItemGroup>
  <ItemGroup>
    <Filter Include="aux">
      <UniqueIdentifier>{3a89770c-042f-42d3-8b8a-0389fd50acfa}</UniqueIdentifier>
    </Filter>
  </ItemGroup>
  <ItemGroup>
    <ClInclude Include="..\ae\library\cpp\aux_abc.h">
      <Filter>aux</Filter>
    </ClInclude>
    <ClInclude Include="..\ae\library\cpp\aux_array.h">
      <Filter>aux</Filter>
    </ClInclude>
    <ClInclude Include="..\ae\library\cpp\aux_string.h">
      <Filter>aux</Filter>
    </ClInclude>
    <ClInclude Include="..\ae\library\cpp\aux_utils.h">
      <Filter>aux</Filter>
    </ClInclude>
    <ClInclude Include="..\ae\library\cpp\pix_color.h">
      <Filter>aux</Filter>
    </ClInclude>
    <ClInclude Include="..\ae\library\cpp\pix_coord.h">
      <Filter>aux</Filter>
    </ClInclude>
    <ClInclude Include="..\ae\library\cpp\pix_image.h">
      <Filter>aux</Filter>
    </ClInclude>
    <ClInclude Include="..\ae\library\cpp\sys.h">
      <Filter>aux</Filter>
    </ClInclude>
    <ClInclude Include="eng.h" />
    <ClInclude Include="app.h" />
    <ClInclude Include="dat_in.h" />
    <ClInclude Include="dat_out.h" />
    <ClInclude Include="app_dict.h" />
    <ClInclude Include="app_dict_card.h" />
    <ClInclude Include="app_dict_html.h" />
    <ClInclude Include="app_dict_list.h" />
    <ClInclude Include="app_dual.h" />
    <ClInclude Include="app_mono.h" />
    <ClInclude Include="media.h" />
    <ClInclude Include="media_audio.h" />
    <ClInclude Include="media_video.h" />
    <ClInclude Include="studio_app_dict.h" />
    <ClInclude Include="studio_app_dual.h" />
    <ClInclude Include="studio_app_mono.h" />
    <ClInclude Include="studio_audio.h" />
    <ClInclude Include="studio_video.h" />
    <ClInclude Include="eng_dictionary.h" />
    <ClInclude Include="app_dict_media.h" />
    <ClInclude Include="app_dict_video.h" />
    <ClInclude Include="media_data.h" />
    <ClInclude Include="studio_build.h" />
    <ClInclude Include="studio_build_dic.h" />
  </ItemGroup>
</Project>